
Microsoft Visual Studio Solution File, Format Version 10.00
# Visual C++ Express 2008
Project("{8BC9CEB8-8B4A-11D0-8D11-00A0C91BC942}") = "MemMapLib", "MemMapLib.vcproj", "{6ADDD696-DFE9-4893-83A4-03B4A597C705}"
EndProject
Global
	GlobalSection(SolutionConfigurationPlatforms) = preSolution
		Debug|Win32 = Debug|Win32
		Release|Win32 = Release|Win32
	EndGlobalSection
	GlobalSection(ProjectConfigurationPlatforms) = postSolution
		{6ADDD696-DFE9-4893-83A4-03B4A597C705}.Debug|Win32.ActiveCfg = Debug|Win32
		{6ADDD696-DFE9-4893-83A4-03B4A597C705}.Debug|Win32.Build.0 = Debug|Win32
		{6ADDD696-DFE9-4893-83A4-03B4A597C705}.Release|Win32.ActiveCfg = Release|Win32
		{6ADDD696-DFE9-4893-83A4-03B4A597C705}.Release|Win32.Build.0 = Release|Win32
	EndGlobalSection
	GlobalSection(SolutionProperties) = preSolution
		HideSolutionNode = FALSE
	EndGlobalSection
EndGlobal
