
Microsoft Visual Studio Solution File, Format Version 10.00
# Visual C# Express 2008
Project("{FAE04EC0-301F-11D3-BF4B-00C04F79EFBC}") = "MMToolKitComContainer", "CSDailyDilbertControl\MMToolKitComContainer.csproj", "{C8855504-8CEF-4A80-B077-2EF7F76B409E}"
	ProjectSection(WebsiteProperties) = preProject
		Debug.AspNetCompiler.Debug = "True"
		Release.AspNetCompiler.Debug = "False"
	EndProjectSection
EndProject
Global
	GlobalSection(SolutionConfigurationPlatforms) = preSolution
		Debug|Any CPU = Debug|Any CPU
		Release|Any CPU = Release|Any CPU
	EndGlobalSection
	GlobalSection(ProjectConfigurationPlatforms) = postSolution
		{C8855504-8CEF-4A80-B077-2EF7F76B409E}.Debug|Any CPU.ActiveCfg = Debug|Any CPU
		{C8855504-8CEF-4A80-B077-2EF7F76B409E}.Debug|Any CPU.Build.0 = Debug|Any CPU
		{C8855504-8CEF-4A80-B077-2EF7F76B409E}.Release|Any CPU.ActiveCfg = Release|Any CPU
		{C8855504-8CEF-4A80-B077-2EF7F76B409E}.Release|Any CPU.Build.0 = Release|Any CPU
	EndGlobalSection
	GlobalSection(SolutionProperties) = preSolution
		HideSolutionNode = FALSE
	EndGlobalSection
EndGlobal
