Microsoft Visual Studio Solution File, Format Version 10.00
# Visual C# Express 2008
Project("{FAE04EC0-301F-11D3-BF4B-00C04F79EFBC}") = "MMUI_ScriptModules", "ScriptModules\MMUI_ScriptModules.csproj", "{4BCC0475-8B5C-4C51-B5DC-656CB16C10A9}"
EndProject
Project("{FAE04EC0-301F-11D3-BF4B-00C04F79EFBC}") = "Micromanager_net", "MM_Net\Micromanager_net.csproj", "{7BECAA3B-93D9-40B1-A457-AB1826291149}"
EndProject
Project("{FAE04EC0-301F-11D3-BF4B-00C04F79EFBC}") = "Micromanager_App", "MM_Net\Micromanager_App.csproj", "{FC755CF4-C01F-4896-9202-F28126FA5884}"
EndProject
Project("{FAE04EC0-301F-11D3-BF4B-00C04F79EFBC}") = "MMUI_GenericDeviceGUIs", "GenericDeviceGUIs\MMUI_GenericDeviceGUIs.csproj", "{0AA30B3F-902D-4BC0-9D96-E3C0B1330241}"
EndProject
Project("{FAE04EC0-301F-11D3-BF4B-00C04F79EFBC}") = "JoystickInterface", "JoystickInterface\JoystickInterface.csproj", "{0D77953E-FD60-4824-A997-AF72E66EF8C1}"
EndProject
Project("{FAE04EC0-301F-11D3-BF4B-00C04F79EFBC}") = "WinFormsUI", "Docking Src\WinFormsUI\WinFormsUI.csproj", "{C75532C4-765B-418E-B09B-46D36B2ABDB1}"
EndProject
Project("{FAE04EC0-301F-11D3-BF4B-00C04F79EFBC}") = "MMUI_MyDevices", "MyDevices\MMUI_MyDevices.csproj", "{7D88BD00-666D-49F0-8A14-9A07547A4EB0}"
EndProject
Project("{FAE04EC0-301F-11D3-BF4B-00C04F79EFBC}") = "TestBed2", "TestBed2\TestBed2.csproj", "{5AFA8D5E-08DA-401E-A2B5-93A709896918}"
EndProject
Project("{FAE04EC0-301F-11D3-BF4B-00C04F79EFBC}") = "FreeImageLibrary", "FreeImage\Wrapper\FreeImage.NET\cs\Library\FreeImageLibrary.csproj", "{6598A7CD-8F27-4D3F-A675-5AE63113A7C3}"
EndProject
Project("{FAE04EC0-301F-11D3-BF4B-00C04F79EFBC}") = "ICSharpCode.TextEditor", "ICSharpCode.TextEditor\Project\ICSharpCode.TextEditor.csproj", "{2D18BE89-D210-49EB-A9DD-2246FBB3DF6D}"
EndProject
Project("{FAE04EC0-301F-11D3-BF4B-00C04F79EFBC}") = "Micromanager_Console", "Micromanager_Console\Micromanager_Console.csproj", "{A5177394-D290-4608-A89B-65671776081B}"
EndProject
Project("{FAE04EC0-301F-11D3-BF4B-00C04F79EFBC}") = "HardwareConfig", "HardwareConfig\HardwareConfig.csproj", "{6FF024C1-B3AA-4E74-B4A6-806673B90704}"
EndProject
Project("{FAE04EC0-301F-11D3-BF4B-00C04F79EFBC}") = "InstallScriptFixer", "Installers\InstallScriptFixer.csproj", "{95841291-3806-4817-B479-F5F929DFA315}"
EndProject
Global
	GlobalSection(SolutionConfigurationPlatforms) = preSolution
		Debug|Any CPU = Debug|Any CPU
		Debug|Mixed Platforms = Debug|Mixed Platforms
		Debug|x86 = Debug|x86
		Release and Package|Any CPU = Release and Package|Any CPU
		Release and Package|Mixed Platforms = Release and Package|Mixed Platforms
		Release and Package|x86 = Release and Package|x86
		Release|Any CPU = Release|Any CPU
		Release|Mixed Platforms = Release|Mixed Platforms
		Release|x86 = Release|x86
	EndGlobalSection
	GlobalSection(ProjectConfigurationPlatforms) = postSolution
		{4BCC0475-8B5C-4C51-B5DC-656CB16C10A9}.Debug|Any CPU.ActiveCfg = Debug|Any CPU
		{4BCC0475-8B5C-4C51-B5DC-656CB16C10A9}.Debug|Any CPU.Build.0 = Debug|Any CPU
		{4BCC0475-8B5C-4C51-B5DC-656CB16C10A9}.Debug|Mixed Platforms.ActiveCfg = Debug|Any CPU
		{4BCC0475-8B5C-4C51-B5DC-656CB16C10A9}.Debug|Mixed Platforms.Build.0 = Debug|Any CPU
		{4BCC0475-8B5C-4C51-B5DC-656CB16C10A9}.Debug|x86.ActiveCfg = Debug|Any CPU
		{4BCC0475-8B5C-4C51-B5DC-656CB16C10A9}.Release and Package|Any CPU.ActiveCfg = Release|Any CPU
		{4BCC0475-8B5C-4C51-B5DC-656CB16C10A9}.Release and Package|Any CPU.Build.0 = Release|Any CPU
		{4BCC0475-8B5C-4C51-B5DC-656CB16C10A9}.Release and Package|Mixed Platforms.ActiveCfg = Release|Any CPU
		{4BCC0475-8B5C-4C51-B5DC-656CB16C10A9}.Release and Package|Mixed Platforms.Build.0 = Release|Any CPU
		{4BCC0475-8B5C-4C51-B5DC-656CB16C10A9}.Release and Package|x86.ActiveCfg = Release|Any CPU
		{4BCC0475-8B5C-4C51-B5DC-656CB16C10A9}.Release|Any CPU.ActiveCfg = Release|Any CPU
		{4BCC0475-8B5C-4C51-B5DC-656CB16C10A9}.Release|Any CPU.Build.0 = Release|Any CPU
		{4BCC0475-8B5C-4C51-B5DC-656CB16C10A9}.Release|Mixed Platforms.ActiveCfg = Release|Any CPU
		{4BCC0475-8B5C-4C51-B5DC-656CB16C10A9}.Release|Mixed Platforms.Build.0 = Release|Any CPU
		{4BCC0475-8B5C-4C51-B5DC-656CB16C10A9}.Release|x86.ActiveCfg = Release|Any CPU
		{7BECAA3B-93D9-40B1-A457-AB1826291149}.Debug|Any CPU.ActiveCfg = Debug|Any CPU
		{7BECAA3B-93D9-40B1-A457-AB1826291149}.Debug|Any CPU.Build.0 = Debug|Any CPU
		{7BECAA3B-93D9-40B1-A457-AB1826291149}.Debug|Mixed Platforms.ActiveCfg = Debug|Any CPU
		{7BECAA3B-93D9-40B1-A457-AB1826291149}.Debug|Mixed Platforms.Build.0 = Debug|Any CPU
		{7BECAA3B-93D9-40B1-A457-AB1826291149}.Debug|x86.ActiveCfg = Debug|Any CPU
		{7BECAA3B-93D9-40B1-A457-AB1826291149}.Release and Package|Any CPU.ActiveCfg = Release|Any CPU
		{7BECAA3B-93D9-40B1-A457-AB1826291149}.Release and Package|Any CPU.Build.0 = Release|Any CPU
		{7BECAA3B-93D9-40B1-A457-AB1826291149}.Release and Package|Mixed Platforms.ActiveCfg = Release|Any CPU
		{7BECAA3B-93D9-40B1-A457-AB1826291149}.Release and Package|Mixed Platforms.Build.0 = Release|Any CPU
		{7BECAA3B-93D9-40B1-A457-AB1826291149}.Release and Package|x86.ActiveCfg = Release|Any CPU
		{7BECAA3B-93D9-40B1-A457-AB1826291149}.Release|Any CPU.ActiveCfg = Release|Any CPU
		{7BECAA3B-93D9-40B1-A457-AB1826291149}.Release|Any CPU.Build.0 = Release|Any CPU
		{7BECAA3B-93D9-40B1-A457-AB1826291149}.Release|Mixed Platforms.ActiveCfg = Release|Any CPU
		{7BECAA3B-93D9-40B1-A457-AB1826291149}.Release|Mixed Platforms.Build.0 = Release|Any CPU
		{7BECAA3B-93D9-40B1-A457-AB1826291149}.Release|x86.ActiveCfg = Release|Any CPU
		{FC755CF4-C01F-4896-9202-F28126FA5884}.Debug|Any CPU.ActiveCfg = Debug|Any CPU
		{FC755CF4-C01F-4896-9202-F28126FA5884}.Debug|Any CPU.Build.0 = Debug|Any CPU
		{FC755CF4-C01F-4896-9202-F28126FA5884}.Debug|Mixed Platforms.ActiveCfg = Debug|Any CPU
		{FC755CF4-C01F-4896-9202-F28126FA5884}.Debug|Mixed Platforms.Build.0 = Debug|Any CPU
		{FC755CF4-C01F-4896-9202-F28126FA5884}.Debug|x86.ActiveCfg = Debug|Any CPU
		{FC755CF4-C01F-4896-9202-F28126FA5884}.Release and Package|Any CPU.ActiveCfg = Release|Any CPU
		{FC755CF4-C01F-4896-9202-F28126FA5884}.Release and Package|Any CPU.Build.0 = Release|Any CPU
		{FC755CF4-C01F-4896-9202-F28126FA5884}.Release and Package|Mixed Platforms.ActiveCfg = Release|Any CPU
		{FC755CF4-C01F-4896-9202-F28126FA5884}.Release and Package|Mixed Platforms.Build.0 = Release|Any CPU
		{FC755CF4-C01F-4896-9202-F28126FA5884}.Release and Package|x86.ActiveCfg = Release|Any CPU
		{FC755CF4-C01F-4896-9202-F28126FA5884}.Release|Any CPU.ActiveCfg = Release|Any CPU
		{FC755CF4-C01F-4896-9202-F28126FA5884}.Release|Any CPU.Build.0 = Release|Any CPU
		{FC755CF4-C01F-4896-9202-F28126FA5884}.Release|Mixed Platforms.ActiveCfg = Release|Any CPU
		{FC755CF4-C01F-4896-9202-F28126FA5884}.Release|Mixed Platforms.Build.0 = Release|Any CPU
		{FC755CF4-C01F-4896-9202-F28126FA5884}.Release|x86.ActiveCfg = Release|Any CPU
		{0AA30B3F-902D-4BC0-9D96-E3C0B1330241}.Debug|Any CPU.ActiveCfg = Debug|Any CPU
		{0AA30B3F-902D-4BC0-9D96-E3C0B1330241}.Debug|Any CPU.Build.0 = Debug|Any CPU
		{0AA30B3F-902D-4BC0-9D96-E3C0B1330241}.Debug|Mixed Platforms.ActiveCfg = Debug|Any CPU
		{0AA30B3F-902D-4BC0-9D96-E3C0B1330241}.Debug|Mixed Platforms.Build.0 = Debug|Any CPU
		{0AA30B3F-902D-4BC0-9D96-E3C0B1330241}.Debug|x86.ActiveCfg = Debug|Any CPU
		{0AA30B3F-902D-4BC0-9D96-E3C0B1330241}.Release and Package|Any CPU.ActiveCfg = Release|Any CPU
		{0AA30B3F-902D-4BC0-9D96-E3C0B1330241}.Release and Package|Any CPU.Build.0 = Release|Any CPU
		{0AA30B3F-902D-4BC0-9D96-E3C0B1330241}.Release and Package|Mixed Platforms.ActiveCfg = Release|Any CPU
		{0AA30B3F-902D-4BC0-9D96-E3C0B1330241}.Release and Package|Mixed Platforms.Build.0 = Release|Any CPU
		{0AA30B3F-902D-4BC0-9D96-E3C0B1330241}.Release and Package|x86.ActiveCfg = Release|Any CPU
		{0AA30B3F-902D-4BC0-9D96-E3C0B1330241}.Release|Any CPU.ActiveCfg = Release|Any CPU
		{0AA30B3F-902D-4BC0-9D96-E3C0B1330241}.Release|Any CPU.Build.0 = Release|Any CPU
		{0AA30B3F-902D-4BC0-9D96-E3C0B1330241}.Release|Mixed Platforms.ActiveCfg = Release|Any CPU
		{0AA30B3F-902D-4BC0-9D96-E3C0B1330241}.Release|Mixed Platforms.Build.0 = Release|Any CPU
		{0AA30B3F-902D-4BC0-9D96-E3C0B1330241}.Release|x86.ActiveCfg = Release|Any CPU
		{0D77953E-FD60-4824-A997-AF72E66EF8C1}.Debug|Any CPU.ActiveCfg = Debug|Any CPU
		{0D77953E-FD60-4824-A997-AF72E66EF8C1}.Debug|Any CPU.Build.0 = Debug|Any CPU
		{0D77953E-FD60-4824-A997-AF72E66EF8C1}.Debug|Mixed Platforms.ActiveCfg = Debug|Any CPU
		{0D77953E-FD60-4824-A997-AF72E66EF8C1}.Debug|Mixed Platforms.Build.0 = Debug|Any CPU
		{0D77953E-FD60-4824-A997-AF72E66EF8C1}.Debug|x86.ActiveCfg = Debug|Any CPU
		{0D77953E-FD60-4824-A997-AF72E66EF8C1}.Release and Package|Any CPU.ActiveCfg = Release|Any CPU
		{0D77953E-FD60-4824-A997-AF72E66EF8C1}.Release and Package|Any CPU.Build.0 = Release|Any CPU
		{0D77953E-FD60-4824-A997-AF72E66EF8C1}.Release and Package|Mixed Platforms.ActiveCfg = Release|Any CPU
		{0D77953E-FD60-4824-A997-AF72E66EF8C1}.Release and Package|Mixed Platforms.Build.0 = Release|Any CPU
		{0D77953E-FD60-4824-A997-AF72E66EF8C1}.Release and Package|x86.ActiveCfg = Release|Any CPU
		{0D77953E-FD60-4824-A997-AF72E66EF8C1}.Release|Any CPU.ActiveCfg = Release|Any CPU
		{0D77953E-FD60-4824-A997-AF72E66EF8C1}.Release|Any CPU.Build.0 = Release|Any CPU
		{0D77953E-FD60-4824-A997-AF72E66EF8C1}.Release|Mixed Platforms.ActiveCfg = Release|Any CPU
		{0D77953E-FD60-4824-A997-AF72E66EF8C1}.Release|Mixed Platforms.Build.0 = Release|Any CPU
		{0D77953E-FD60-4824-A997-AF72E66EF8C1}.Release|x86.ActiveCfg = Release|Any CPU
		{C75532C4-765B-418E-B09B-46D36B2ABDB1}.Debug|Any CPU.ActiveCfg = Debug|Any CPU
		{C75532C4-765B-418E-B09B-46D36B2ABDB1}.Debug|Any CPU.Build.0 = Debug|Any CPU
		{C75532C4-765B-418E-B09B-46D36B2ABDB1}.Debug|Mixed Platforms.ActiveCfg = Debug|Any CPU
		{C75532C4-765B-418E-B09B-46D36B2ABDB1}.Debug|Mixed Platforms.Build.0 = Debug|Any CPU
		{C75532C4-765B-418E-B09B-46D36B2ABDB1}.Debug|x86.ActiveCfg = Debug|Any CPU
		{C75532C4-765B-418E-B09B-46D36B2ABDB1}.Release and Package|Any CPU.ActiveCfg = Release|Any CPU
		{C75532C4-765B-418E-B09B-46D36B2ABDB1}.Release and Package|Any CPU.Build.0 = Release|Any CPU
		{C75532C4-765B-418E-B09B-46D36B2ABDB1}.Release and Package|Mixed Platforms.ActiveCfg = Release|Any CPU
		{C75532C4-765B-418E-B09B-46D36B2ABDB1}.Release and Package|Mixed Platforms.Build.0 = Release|Any CPU
		{C75532C4-765B-418E-B09B-46D36B2ABDB1}.Release and Package|x86.ActiveCfg = Release|Any CPU
		{C75532C4-765B-418E-B09B-46D36B2ABDB1}.Release|Any CPU.ActiveCfg = Release|Any CPU
		{C75532C4-765B-418E-B09B-46D36B2ABDB1}.Release|Any CPU.Build.0 = Release|Any CPU
		{C75532C4-765B-418E-B09B-46D36B2ABDB1}.Release|Mixed Platforms.ActiveCfg = Release|Any CPU
		{C75532C4-765B-418E-B09B-46D36B2ABDB1}.Release|Mixed Platforms.Build.0 = Release|Any CPU
		{C75532C4-765B-418E-B09B-46D36B2ABDB1}.Release|x86.ActiveCfg = Release|Any CPU
		{7D88BD00-666D-49F0-8A14-9A07547A4EB0}.Debug|Any CPU.ActiveCfg = Debug|Any CPU
		{7D88BD00-666D-49F0-8A14-9A07547A4EB0}.Debug|Any CPU.Build.0 = Debug|Any CPU
		{7D88BD00-666D-49F0-8A14-9A07547A4EB0}.Debug|Mixed Platforms.ActiveCfg = Debug|Any CPU
		{7D88BD00-666D-49F0-8A14-9A07547A4EB0}.Debug|Mixed Platforms.Build.0 = Debug|Any CPU
		{7D88BD00-666D-49F0-8A14-9A07547A4EB0}.Debug|x86.ActiveCfg = Debug|Any CPU
		{7D88BD00-666D-49F0-8A14-9A07547A4EB0}.Release and Package|Any CPU.ActiveCfg = Release|Any CPU
		{7D88BD00-666D-49F0-8A14-9A07547A4EB0}.Release and Package|Any CPU.Build.0 = Release|Any CPU
		{7D88BD00-666D-49F0-8A14-9A07547A4EB0}.Release and Package|Mixed Platforms.ActiveCfg = Release|Any CPU
		{7D88BD00-666D-49F0-8A14-9A07547A4EB0}.Release and Package|Mixed Platforms.Build.0 = Release|Any CPU
		{7D88BD00-666D-49F0-8A14-9A07547A4EB0}.Release and Package|x86.ActiveCfg = Release|Any CPU
		{7D88BD00-666D-49F0-8A14-9A07547A4EB0}.Release|Any CPU.ActiveCfg = Release|Any CPU
		{7D88BD00-666D-49F0-8A14-9A07547A4EB0}.Release|Any CPU.Build.0 = Release|Any CPU
		{7D88BD00-666D-49F0-8A14-9A07547A4EB0}.Release|Mixed Platforms.ActiveCfg = Release|Any CPU
		{7D88BD00-666D-49F0-8A14-9A07547A4EB0}.Release|Mixed Platforms.Build.0 = Release|Any CPU
		{7D88BD00-666D-49F0-8A14-9A07547A4EB0}.Release|x86.ActiveCfg = Release|Any CPU
		{5AFA8D5E-08DA-401E-A2B5-93A709896918}.Debug|Any CPU.ActiveCfg = Debug|Any CPU
		{5AFA8D5E-08DA-401E-A2B5-93A709896918}.Debug|Any CPU.Build.0 = Debug|Any CPU
		{5AFA8D5E-08DA-401E-A2B5-93A709896918}.Debug|Mixed Platforms.ActiveCfg = Debug|Any CPU
		{5AFA8D5E-08DA-401E-A2B5-93A709896918}.Debug|Mixed Platforms.Build.0 = Debug|Any CPU
		{5AFA8D5E-08DA-401E-A2B5-93A709896918}.Debug|x86.ActiveCfg = Debug|Any CPU
		{5AFA8D5E-08DA-401E-A2B5-93A709896918}.Release and Package|Any CPU.ActiveCfg = Release|Any CPU
		{5AFA8D5E-08DA-401E-A2B5-93A709896918}.Release and Package|Any CPU.Build.0 = Release|Any CPU
		{5AFA8D5E-08DA-401E-A2B5-93A709896918}.Release and Package|Mixed Platforms.ActiveCfg = Release|Any CPU
		{5AFA8D5E-08DA-401E-A2B5-93A709896918}.Release and Package|Mixed Platforms.Build.0 = Release|Any CPU
		{5AFA8D5E-08DA-401E-A2B5-93A709896918}.Release and Package|x86.ActiveCfg = Release|Any CPU
		{5AFA8D5E-08DA-401E-A2B5-93A709896918}.Release|Any CPU.ActiveCfg = Release|Any CPU
		{5AFA8D5E-08DA-401E-A2B5-93A709896918}.Release|Any CPU.Build.0 = Release|Any CPU
		{5AFA8D5E-08DA-401E-A2B5-93A709896918}.Release|Mixed Platforms.ActiveCfg = Release|Any CPU
		{5AFA8D5E-08DA-401E-A2B5-93A709896918}.Release|Mixed Platforms.Build.0 = Release|Any CPU
		{5AFA8D5E-08DA-401E-A2B5-93A709896918}.Release|x86.ActiveCfg = Release|Any CPU
		{6598A7CD-8F27-4D3F-A675-5AE63113A7C3}.Debug|Any CPU.ActiveCfg = Debug|Any CPU
		{6598A7CD-8F27-4D3F-A675-5AE63113A7C3}.Debug|Any CPU.Build.0 = Debug|Any CPU
		{6598A7CD-8F27-4D3F-A675-5AE63113A7C3}.Debug|Mixed Platforms.ActiveCfg = Debug|Any CPU
		{6598A7CD-8F27-4D3F-A675-5AE63113A7C3}.Debug|Mixed Platforms.Build.0 = Debug|Any CPU
		{6598A7CD-8F27-4D3F-A675-5AE63113A7C3}.Debug|x86.ActiveCfg = Debug|Any CPU
		{6598A7CD-8F27-4D3F-A675-5AE63113A7C3}.Release and Package|Any CPU.ActiveCfg = Release|Any CPU
		{6598A7CD-8F27-4D3F-A675-5AE63113A7C3}.Release and Package|Any CPU.Build.0 = Release|Any CPU
		{6598A7CD-8F27-4D3F-A675-5AE63113A7C3}.Release and Package|Mixed Platforms.ActiveCfg = Release|Any CPU
		{6598A7CD-8F27-4D3F-A675-5AE63113A7C3}.Release and Package|Mixed Platforms.Build.0 = Release|Any CPU
		{6598A7CD-8F27-4D3F-A675-5AE63113A7C3}.Release and Package|x86.ActiveCfg = Release|Any CPU
		{6598A7CD-8F27-4D3F-A675-5AE63113A7C3}.Release|Any CPU.ActiveCfg = Release|Any CPU
		{6598A7CD-8F27-4D3F-A675-5AE63113A7C3}.Release|Any CPU.Build.0 = Release|Any CPU
		{6598A7CD-8F27-4D3F-A675-5AE63113A7C3}.Release|Mixed Platforms.ActiveCfg = Release|Any CPU
		{6598A7CD-8F27-4D3F-A675-5AE63113A7C3}.Release|Mixed Platforms.Build.0 = Release|Any CPU
		{6598A7CD-8F27-4D3F-A675-5AE63113A7C3}.Release|x86.ActiveCfg = Release|Any CPU
		{2D18BE89-D210-49EB-A9DD-2246FBB3DF6D}.Debug|Any CPU.ActiveCfg = Debug|Any CPU
		{2D18BE89-D210-49EB-A9DD-2246FBB3DF6D}.Debug|Any CPU.Build.0 = Debug|Any CPU
		{2D18BE89-D210-49EB-A9DD-2246FBB3DF6D}.Debug|Mixed Platforms.ActiveCfg = Debug|Any CPU
		{2D18BE89-D210-49EB-A9DD-2246FBB3DF6D}.Debug|Mixed Platforms.Build.0 = Debug|Any CPU
		{2D18BE89-D210-49EB-A9DD-2246FBB3DF6D}.Debug|x86.ActiveCfg = Debug|Any CPU
		{2D18BE89-D210-49EB-A9DD-2246FBB3DF6D}.Release and Package|Any CPU.ActiveCfg = Release|Any CPU
		{2D18BE89-D210-49EB-A9DD-2246FBB3DF6D}.Release and Package|Any CPU.Build.0 = Release|Any CPU
		{2D18BE89-D210-49EB-A9DD-2246FBB3DF6D}.Release and Package|Mixed Platforms.ActiveCfg = Release|Any CPU
		{2D18BE89-D210-49EB-A9DD-2246FBB3DF6D}.Release and Package|Mixed Platforms.Build.0 = Release|Any CPU
		{2D18BE89-D210-49EB-A9DD-2246FBB3DF6D}.Release and Package|x86.ActiveCfg = Release|Any CPU
		{2D18BE89-D210-49EB-A9DD-2246FBB3DF6D}.Release|Any CPU.ActiveCfg = Release|Any CPU
		{2D18BE89-D210-49EB-A9DD-2246FBB3DF6D}.Release|Any CPU.Build.0 = Release|Any CPU
		{2D18BE89-D210-49EB-A9DD-2246FBB3DF6D}.Release|Mixed Platforms.ActiveCfg = Release|Any CPU
		{2D18BE89-D210-49EB-A9DD-2246FBB3DF6D}.Release|Mixed Platforms.Build.0 = Release|Any CPU
		{2D18BE89-D210-49EB-A9DD-2246FBB3DF6D}.Release|x86.ActiveCfg = Release|Any CPU
		{A5177394-D290-4608-A89B-65671776081B}.Debug|Any CPU.ActiveCfg = Debug|Any CPU
		{A5177394-D290-4608-A89B-65671776081B}.Debug|Any CPU.Build.0 = Debug|Any CPU
		{A5177394-D290-4608-A89B-65671776081B}.Debug|Mixed Platforms.ActiveCfg = Debug|Any CPU
		{A5177394-D290-4608-A89B-65671776081B}.Debug|Mixed Platforms.Build.0 = Debug|Any CPU
		{A5177394-D290-4608-A89B-65671776081B}.Debug|x86.ActiveCfg = Debug|Any CPU
		{A5177394-D290-4608-A89B-65671776081B}.Release and Package|Any CPU.ActiveCfg = Release|Any CPU
		{A5177394-D290-4608-A89B-65671776081B}.Release and Package|Any CPU.Build.0 = Release|Any CPU
		{A5177394-D290-4608-A89B-65671776081B}.Release and Package|Mixed Platforms.ActiveCfg = Release|Any CPU
		{A5177394-D290-4608-A89B-65671776081B}.Release and Package|Mixed Platforms.Build.0 = Release|Any CPU
		{A5177394-D290-4608-A89B-65671776081B}.Release and Package|x86.ActiveCfg = Release|Any CPU
		{A5177394-D290-4608-A89B-65671776081B}.Release|Any CPU.ActiveCfg = Release|Any CPU
		{A5177394-D290-4608-A89B-65671776081B}.Release|Any CPU.Build.0 = Release|Any CPU
		{A5177394-D290-4608-A89B-65671776081B}.Release|Mixed Platforms.ActiveCfg = Release|Any CPU
		{A5177394-D290-4608-A89B-65671776081B}.Release|Mixed Platforms.Build.0 = Release|Any CPU
		{A5177394-D290-4608-A89B-65671776081B}.Release|x86.ActiveCfg = Release|Any CPU
		{6FF024C1-B3AA-4E74-B4A6-806673B90704}.Debug|Any CPU.ActiveCfg = Debug|Any CPU
		{6FF024C1-B3AA-4E74-B4A6-806673B90704}.Debug|Any CPU.Build.0 = Debug|Any CPU
		{6FF024C1-B3AA-4E74-B4A6-806673B90704}.Debug|Mixed Platforms.ActiveCfg = Debug|Any CPU
		{6FF024C1-B3AA-4E74-B4A6-806673B90704}.Debug|Mixed Platforms.Build.0 = Debug|Any CPU
		{6FF024C1-B3AA-4E74-B4A6-806673B90704}.Debug|x86.ActiveCfg = Debug|Any CPU
		{6FF024C1-B3AA-4E74-B4A6-806673B90704}.Release and Package|Any CPU.ActiveCfg = Release|Any CPU
		{6FF024C1-B3AA-4E74-B4A6-806673B90704}.Release and Package|Any CPU.Build.0 = Release|Any CPU
		{6FF024C1-B3AA-4E74-B4A6-806673B90704}.Release and Package|Mixed Platforms.ActiveCfg = Release|Any CPU
		{6FF024C1-B3AA-4E74-B4A6-806673B90704}.Release and Package|Mixed Platforms.Build.0 = Release|Any CPU
		{6FF024C1-B3AA-4E74-B4A6-806673B90704}.Release and Package|x86.ActiveCfg = Release|Any CPU
		{6FF024C1-B3AA-4E74-B4A6-806673B90704}.Release|Any CPU.ActiveCfg = Release|Any CPU
		{6FF024C1-B3AA-4E74-B4A6-806673B90704}.Release|Any CPU.Build.0 = Release|Any CPU
		{6FF024C1-B3AA-4E74-B4A6-806673B90704}.Release|Mixed Platforms.ActiveCfg = Release|Any CPU
		{6FF024C1-B3AA-4E74-B4A6-806673B90704}.Release|Mixed Platforms.Build.0 = Release|Any CPU
		{6FF024C1-B3AA-4E74-B4A6-806673B90704}.Release|x86.ActiveCfg = Release|Any CPU
		{95841291-3806-4817-B479-F5F929DFA315}.Debug|Any CPU.ActiveCfg = Debug|Any CPU
		{95841291-3806-4817-B479-F5F929DFA315}.Debug|Any CPU.Build.0 = Debug|Any CPU
		{95841291-3806-4817-B479-F5F929DFA315}.Debug|Mixed Platforms.ActiveCfg = Debug|Any CPU
		{95841291-3806-4817-B479-F5F929DFA315}.Debug|Mixed Platforms.Build.0 = Debug|Any CPU
		{95841291-3806-4817-B479-F5F929DFA315}.Debug|x86.ActiveCfg = Debug|Any CPU
		{95841291-3806-4817-B479-F5F929DFA315}.Release and Package|Any CPU.ActiveCfg = Release|Any CPU
		{95841291-3806-4817-B479-F5F929DFA315}.Release and Package|Any CPU.Build.0 = Release|Any CPU
		{95841291-3806-4817-B479-F5F929DFA315}.Release and Package|Mixed Platforms.ActiveCfg = Release|Any CPU
		{95841291-3806-4817-B479-F5F929DFA315}.Release and Package|Mixed Platforms.Build.0 = Release|Any CPU
		{95841291-3806-4817-B479-F5F929DFA315}.Release and Package|x86.ActiveCfg = Release|Any CPU
		{95841291-3806-4817-B479-F5F929DFA315}.Release|Any CPU.ActiveCfg = Release|Any CPU
		{95841291-3806-4817-B479-F5F929DFA315}.Release|Any CPU.Build.0 = Release|Any CPU
		{95841291-3806-4817-B479-F5F929DFA315}.Release|Mixed Platforms.ActiveCfg = Release|Any CPU
		{95841291-3806-4817-B479-F5F929DFA315}.Release|Mixed Platforms.Build.0 = Release|Any CPU
		{95841291-3806-4817-B479-F5F929DFA315}.Release|x86.ActiveCfg = Release|Any CPU
	EndGlobalSection
	GlobalSection(SolutionProperties) = preSolution
		HideSolutionNode = FALSE
	EndGlobalSection
EndGlobal
