
Microsoft Visual Studio Solution File, Format Version 10.00
# Visual C# Express 2008
Project("{FAE04EC0-301F-11D3-BF4B-00C04F79EFBC}") = "DILoader", "DILoader\DILoader.csproj", "{AA74EF08-C1C9-48AB-8C03-5AE3C264C28A}"
EndProject
Global
	GlobalSection(SolutionConfigurationPlatforms) = preSolution
		Debug|Any CPU = Debug|Any CPU
		Release|Any CPU = Release|Any CPU
	EndGlobalSection
	GlobalSection(ProjectConfigurationPlatforms) = postSolution
		{AA74EF08-C1C9-48AB-8C03-5AE3C264C28A}.Debug|Any CPU.ActiveCfg = Debug|Any CPU
		{AA74EF08-C1C9-48AB-8C03-5AE3C264C28A}.Debug|Any CPU.Build.0 = Debug|Any CPU
		{AA74EF08-C1C9-48AB-8C03-5AE3C264C28A}.Release|Any CPU.ActiveCfg = Release|Any CPU
		{AA74EF08-C1C9-48AB-8C03-5AE3C264C28A}.Release|Any CPU.Build.0 = Release|Any CPU
	EndGlobalSection
	GlobalSection(SolutionProperties) = preSolution
		HideSolutionNode = FALSE
	EndGlobalSection
EndGlobal
